// !$*UTF8*$!
{
	archiveVersion = 1;
	classes = {
	};
	objectVersion = 50;
	objects = {

/* Begin PBXBuildFile section */
		D51045032244E7BF0014B6E6 /* WatchFolder.framework in Frameworks */ = {isa = PBXBuildFile; fileRef = D51044F92244E7BE0014B6E6 /* WatchFolder.framework */; };
		D51045082244E7BF0014B6E6 /* WatchFolderTests.swift in Sources */ = {isa = PBXBuildFile; fileRef = D51045072244E7BF0014B6E6 /* WatchFolderTests.swift */; };
		D510450A2244E7BF0014B6E6 /* WatchFolder.h in Headers */ = {isa = PBXBuildFile; fileRef = D51044FC2244E7BE0014B6E6 /* WatchFolder.h */; settings = {ATTRIBUTES = (Public, ); }; };
		D584D1B32248F6E30021809E /* WatchFolder.swift in Sources */ = {isa = PBXBuildFile; fileRef = D584D1B22248F6E30021809E /* WatchFolder.swift */; };
/* End PBXBuildFile section */

/* Begin PBXContainerItemProxy section */
		D51045042244E7BF0014B6E6 /* PBXContainerItemProxy */ = {
			isa = PBXContainerItemProxy;
			containerPortal = D51044F02244E7BE0014B6E6 /* Project object */;
			proxyType = 1;
			remoteGlobalIDString = D51044F82244E7BE0014B6E6;
			remoteInfo = WatchFolder;
		};
/* End PBXContainerItemProxy section */

/* Begin PBXFileReference section */
		D51044F92244E7BE0014B6E6 /* WatchFolder.framework */ = {isa = PBXFileReference; explicitFileType = wrapper.framework; includeInIndex = 0; path = WatchFolder.framework; sourceTree = BUILT_PRODUCTS_DIR; };
		D51044FC2244E7BE0014B6E6 /* WatchFolder.h */ = {isa = PBXFileReference; lastKnownFileType = sourcecode.c.h; path = WatchFolder.h; sourceTree = "<group>"; };
		D51044FD2244E7BE0014B6E6 /* Info.plist */ = {isa = PBXFileReference; lastKnownFileType = text.plist.xml; path = Info.plist; sourceTree = "<group>"; };
		D51045022244E7BF0014B6E6 /* WatchFolderTests.xctest */ = {isa = PBXFileReference; explicitFileType = wrapper.cfbundle; includeInIndex = 0; path = WatchFolderTests.xctest; sourceTree = BUILT_PRODUCTS_DIR; };
		D51045072244E7BF0014B6E6 /* WatchFolderTests.swift */ = {isa = PBXFileReference; lastKnownFileType = sourcecode.swift; path = WatchFolderTests.swift; sourceTree = "<group>"; };
		D51045092244E7BF0014B6E6 /* Info.plist */ = {isa = PBXFileReference; lastKnownFileType = text.plist.xml; path = Info.plist; sourceTree = "<group>"; };
		D584D1B22248F6E30021809E /* WatchFolder.swift */ = {isa = PBXFileReference; lastKnownFileType = sourcecode.swift; path = WatchFolder.swift; sourceTree = "<group>"; };
/* End PBXFileReference section */

/* Begin PBXFrameworksBuildPhase section */
		D51044F62244E7BE0014B6E6 /* Frameworks */ = {
			isa = PBXFrameworksBuildPhase;
			buildActionMask = 2147483647;
			files = (
			);
			runOnlyForDeploymentPostprocessing = 0;
		};
		D51044FF2244E7BF0014B6E6 /* Frameworks */ = {
			isa = PBXFrameworksBuildPhase;
			buildActionMask = 2147483647;
			files = (
				D51045032244E7BF0014B6E6 /* WatchFolder.framework in Frameworks */,
			);
			runOnlyForDeploymentPostprocessing = 0;
		};
/* End PBXFrameworksBuildPhase section */

/* Begin PBXGroup section */
		D51044EF2244E7BE0014B6E6 = {
			isa = PBXGroup;
			children = (
				D51044FB2244E7BE0014B6E6 /* WatchFolder */,
				D51045062244E7BF0014B6E6 /* WatchFolderTests */,
				D51044FA2244E7BE0014B6E6 /* Products */,
			);
			sourceTree = "<group>";
		};
		D51044FA2244E7BE0014B6E6 /* Products */ = {
			isa = PBXGroup;
			children = (
				D51044F92244E7BE0014B6E6 /* WatchFolder.framework */,
				D51045022244E7BF0014B6E6 /* WatchFolderTests.xctest */,
			);
			name = Products;
			sourceTree = "<group>";
		};
		D51044FB2244E7BE0014B6E6 /* WatchFolder */ = {
			isa = PBXGroup;
			children = (
				D51044FC2244E7BE0014B6E6 /* WatchFolder.h */,
				D51044FD2244E7BE0014B6E6 /* Info.plist */,
				D584D1B22248F6E30021809E /* WatchFolder.swift */,
			);
			path = WatchFolder;
			sourceTree = "<group>";
		};
		D51045062244E7BF0014B6E6 /* WatchFolderTests */ = {
			isa = PBXGroup;
			children = (
				D51045072244E7BF0014B6E6 /* WatchFolderTests.swift */,
				D51045092244E7BF0014B6E6 /* Info.plist */,
			);
			path = WatchFolderTests;
			sourceTree = "<group>";
		};
/* End PBXGroup section */

/* Begin PBXHeadersBuildPhase section */
		D51044F42244E7BE0014B6E6 /* Headers */ = {
			isa = PBXHeadersBuildPhase;
			buildActionMask = 2147483647;
			files = (
				D510450A2244E7BF0014B6E6 /* WatchFolder.h in Headers */,
			);
			runOnlyForDeploymentPostprocessing = 0;
		};
/* End PBXHeadersBuildPhase section */

/* Begin PBXNativeTarget section */
		D51044F82244E7BE0014B6E6 /* WatchFolder */ = {
			isa = PBXNativeTarget;
			buildConfigurationList = D510450D2244E7BF0014B6E6 /* Build configuration list for PBXNativeTarget "WatchFolder" */;
			buildPhases = (
				D51044F42244E7BE0014B6E6 /* Headers */,
				D51044F52244E7BE0014B6E6 /* Sources */,
				D51044F62244E7BE0014B6E6 /* Frameworks */,
				D51044F72244E7BE0014B6E6 /* Resources */,
			);
			buildRules = (
			);
			dependencies = (
			);
			name = WatchFolder;
			productName = WatchFolder;
			productReference = D51044F92244E7BE0014B6E6 /* WatchFolder.framework */;
			productType = "com.apple.product-type.framework";
		};
		D51045012244E7BF0014B6E6 /* WatchFolderTests */ = {
			isa = PBXNativeTarget;
			buildConfigurationList = D51045102244E7BF0014B6E6 /* Build configuration list for PBXNativeTarget "WatchFolderTests" */;
			buildPhases = (
				D51044FE2244E7BF0014B6E6 /* Sources */,
				D51044FF2244E7BF0014B6E6 /* Frameworks */,
				D51045002244E7BF0014B6E6 /* Resources */,
			);
			buildRules = (
			);
			dependencies = (
				D51045052244E7BF0014B6E6 /* PBXTargetDependency */,
			);
			name = WatchFolderTests;
			productName = WatchFolderTests;
			productReference = D51045022244E7BF0014B6E6 /* WatchFolderTests.xctest */;
			productType = "com.apple.product-type.bundle.unit-test";
		};
/* End PBXNativeTarget section */

/* Begin PBXProject section */
		D51044F02244E7BE0014B6E6 /* Project object */ = {
			isa = PBXProject;
			attributes = {
				LastSwiftUpdateCheck = 1010;
				LastUpgradeCheck = 1010;
				ORGANIZATIONNAME = cezres;
				TargetAttributes = {
					D51044F82244E7BE0014B6E6 = {
						CreatedOnToolsVersion = 10.1;
						LastSwiftMigration = 1010;
					};
					D51045012244E7BF0014B6E6 = {
						CreatedOnToolsVersion = 10.1;
					};
				};
			};
			buildConfigurationList = D51044F32244E7BE0014B6E6 /* Build configuration list for PBXProject "WatchFolder" */;
			compatibilityVersion = "Xcode 9.3";
			developmentRegion = en;
			hasScannedForEncodings = 0;
			knownRegions = (
				en,
			);
			mainGroup = D51044EF2244E7BE0014B6E6;
			productRefGroup = D51044FA2244E7BE0014B6E6 /* Products */;
			projectDirPath = "";
			projectRoot = "";
			targets = (
				D51044F82244E7BE0014B6E6 /* WatchFolder */,
				D51045012244E7BF0014B6E6 /* WatchFolderTests */,
			);
		};
/* End PBXProject section */

/* Begin PBXResourcesBuildPhase section */
		D51044F72244E7BE0014B6E6 /* Resources */ = {
			isa = PBXResourcesBuildPhase;
			buildActionMask = 2147483647;
			files = (
			);
			runOnlyForDeploymentPostprocessing = 0;
		};
		D51045002244E7BF0014B6E6 /* Resources */ = {
			isa = PBXResourcesBuildPhase;
			buildActionMask = 2147483647;
			files = (
			);
			runOnlyForDeploymentPostprocessing = 0;
		};
/* End PBXResourcesBuildPhase section */

/* Begin PBXSourcesBuildPhase section */
		D51044F52244E7BE0014B6E6 /* Sources */ = {
			isa = PBXSourcesBuildPhase;
			buildActionMask = 2147483647;
			files = (
				D584D1B32248F6E30021809E /* WatchFolder.swift in Sources */,
			);
			runOnlyForDeploymentPostprocessing = 0;
		};
		D51044FE2244E7BF0014B6E6 /* Sources */ = {
			isa = PBXSourcesBuildPhase;
			buildActionMask = 2147483647;
			files = (
				D51045082244E7BF0014B6E6 /* WatchFolderTests.swift in Sources */,
			);
			runOnlyForDeploymentPostprocessing = 0;
		};
/* End PBXSourcesBuildPhase section */

/* Begin PBXTargetDependency section */
		D51045052244E7BF0014B6E6 /* PBXTargetDependency */ = {
			isa = PBXTargetDependency;
			target = D51044F82244E7BE0014B6E6 /* WatchFolder */;
			targetProxy = D51045042244E7BF0014B6E6 /* PBXContainerItemProxy */;
		};
/* End PBXTargetDependency section */

/* Begin XCBuildConfiguration section */
		D510450B2244E7BF0014B6E6 /* Debug */ = {
			isa = XCBuildConfiguration;
			buildSettings = {
				ALWAYS_SEARCH_USER_PATHS = NO;
				CLANG_ANALYZER_NONNULL = YES;
				CLANG_ANALYZER_NUMBER_OBJECT_CONVERSION = YES_AGGRESSIVE;
				CLANG_CXX_LANGUAGE_STANDARD = "gnu++14";
				CLANG_CXX_LIBRARY = "libc++";
				CLANG_ENABLE_MODULES = YES;
				CLANG_ENABLE_OBJC_ARC = YES;
				CLANG_ENABLE_OBJC_WEAK = YES;
				CLANG_WARN_BLOCK_CAPTURE_AUTORELEASING = YES;
				CLANG_WARN_BOOL_CONVERSION = YES;
				CLANG_WARN_COMMA = YES;
				CLANG_WARN_CONSTANT_CONVERSION = YES;
				CLANG_WARN_DEPRECATED_OBJC_IMPLEMENTATIONS = YES;
				CLANG_WARN_DIRECT_OBJC_ISA_USAGE = YES_ERROR;
				CLANG_WARN_DOCUMENTATION_COMMENTS = YES;
				CLANG_WARN_EMPTY_BODY = YES;
				CLANG_WARN_ENUM_CONVERSION = YES;
				CLANG_WARN_INFINITE_RECURSION = YES;
				CLANG_WARN_INT_CONVERSION = YES;
				CLANG_WARN_NON_LITERAL_NULL_CONVERSION = YES;
				CLANG_WARN_OBJC_IMPLICIT_RETAIN_SELF = YES;
				CLANG_WARN_OBJC_LITERAL_CONVERSION = YES;
				CLANG_WARN_OBJC_ROOT_CLASS = YES_ERROR;
				CLANG_WARN_RANGE_LOOP_ANALYSIS = YES;
				CLANG_WARN_STRICT_PROTOTYPES = YES;
				CLANG_WARN_SUSPICIOUS_MOVE = YES;
				CLANG_WARN_UNGUARDED_AVAILABILITY = YES_AGGRESSIVE;
				CLANG_WARN_UNREACHABLE_CODE = YES;
				CLANG_WARN__DUPLICATE_METHOD_MATCH = YES;
				CODE_SIGN_IDENTITY = "iPhone Developer";
				COPY_PHASE_STRIP = NO;
				CURRENT_PROJECT_VERSION = 1;
				DEBUG_INFORMATION_FORMAT = dwarf;
				ENABLE_STRICT_OBJC_MSGSEND = YES;
				ENABLE_TESTABILITY = YES;
				GCC_C_LANGUAGE_STANDARD = gnu11;
				GCC_DYNAMIC_NO_PIC = NO;
				GCC_NO_COMMON_BLOCKS = YES;
				GCC_OPTIMIZATION_LEVEL = 0;
				GCC_PREPROCESSOR_DEFINITIONS = (
					"DEBUG=1",
					"$(inherited)",
				);
				GCC_WARN_64_TO_32_BIT_CONVERSION = YES;
				GCC_WARN_ABOUT_RETURN_TYPE = YES_ERROR;
				GCC_WARN_UNDECLARED_SELECTOR = YES;
				GCC_WARN_UNINITIALIZED_AUTOS = YES_AGGRESSIVE;
				GCC_WARN_UNUSED_FUNCTION = YES;
				GCC_WARN_UNUSED_VARIABLE = YES;
				IPHONEOS_DEPLOYMENT_TARGET = 12.1;
				MTL_ENABLE_DEBUG_INFO = INCLUDE_SOURCE;
				MTL_FAST_MATH = YES;
				ONLY_ACTIVE_ARCH = YES;
				SDKROOT = iphoneos;
				SWIFT_ACTIVE_COMPILATION_CONDITIONS = DEBUG;
				SWIFT_OPTIMIZATION_LEVEL = "-Onone";
				VERSIONING_SYSTEM = "apple-generic";
				VERSION_INFO_PREFIX = "";
			};
			name = Debug;
		};
		D510450C2244E7BF0014B6E6 /* Release */ = {
			isa = XCBuildConfiguration;
			buildSettings = {
				ALWAYS_SEARCH_USER_PATHS = NO;
				CLANG_ANALYZER_NONNULL = YES;
				CLANG_ANALYZER_NUMBER_OBJECT_CONVERSION = YES_AGGRESSIVE;
				CLANG_CXX_LANGUAGE_STANDARD = "gnu++14";
				CLANG_CXX_LIBRARY = "libc++";
				CLANG_ENABLE_MODULES = YES;
				CLANG_ENABLE_OBJC_ARC = YES;
				CLANG_ENABLE_OBJC_WEAK = YES;
				CLANG_WARN_BLOCK_CAPTURE_AUTORELEASING = YES;
				CLANG_WARN_BOOL_CONVERSION = YES;
				CLANG_WARN_COMMA = YES;
				CLANG_WARN_CONSTANT_CONVERSION = YES;
				CLANG_WARN_DEPRECATED_OBJC_IMPLEMENTATIONS = YES;
				CLANG_WARN_DIRECT_OBJC_ISA_USAGE = YES_ERROR;
				CLANG_WARN_DOCUMENTATION_COMMENTS = YES;
				CLANG_WARN_EMPTY_BODY = YES;
				CLANG_WARN_ENUM_CONVERSION = YES;
				CLANG_WARN_INFINITE_RECURSION = YES;
				CLANG_WARN_INT_CONVERSION = YES;
				CLANG_WARN_NON_LITERAL_NULL_CONVERSION = YES;
				CLANG_WARN_OBJC_IMPLICIT_RETAIN_SELF = YES;
				CLANG_WARN_OBJC_LITERAL_CONVERSION = YES;
				CLANG_WARN_OBJC_ROOT_CLASS = YES_ERROR;
				CLANG_WARN_RANGE_LOOP_ANALYSIS = YES;
				CLANG_WARN_STRICT_PROTOTYPES = YES;
				CLANG_WARN_SUSPICIOUS_MOVE = YES;
				CLANG_WARN_UNGUARDED_AVAILABILITY = YES_AGGRESSIVE;
				CLANG_WARN_UNREACHABLE_CODE = YES;
				CLANG_WARN__DUPLICATE_METHOD_MATCH = YES;
				CODE_SIGN_IDENTITY = "iPhone Developer";
				COPY_PHASE_STRIP = NO;
				CURRENT_PROJECT_VERSION = 1;
				DEBUG_INFORMATION_FORMAT = "dwarf-with-dsym";
				ENABLE_NS_ASSERTIONS = NO;
				ENABLE_STRICT_OBJC_MSGSEND = YES;
				GCC_C_LANGUAGE_STANDARD = gnu11;
				GCC_NO_COMMON_BLOCKS = YES;
				GCC_WARN_64_TO_32_BIT_CONVERSION = YES;
				GCC_WARN_ABOUT_RETURN_TYPE = YES_ERROR;
				GCC_WARN_UNDECLARED_SELECTOR = YES;
				GCC_WARN_UNINITIALIZED_AUTOS = YES_AGGRESSIVE;
				GCC_WARN_UNUSED_FUNCTION = YES;
				GCC_WARN_UNUSED_VARIABLE = YES;
				IPHONEOS_DEPLOYMENT_TARGET = 12.1;
				MTL_ENABLE_DEBUG_INFO = NO;
				MTL_FAST_MATH = YES;
				SDKROOT = iphoneos;
				SWIFT_COMPILATION_MODE = wholemodule;
				SWIFT_OPTIMIZATION_LEVEL = "-O";
				VALIDATE_PRODUCT = YES;
				VERSIONING_SYSTEM = "apple-generic";
				VERSION_INFO_PREFIX = "";
			};
			name = Release;
		};
		D510450E2244E7BF0014B6E6 /* Debug */ = {
			isa = XCBuildConfiguration;
			buildSettings = {
				CLANG_ENABLE_MODULES = YES;
				CODE_SIGN_IDENTITY = "";
				CODE_SIGN_STYLE = Automatic;
				DEFINES_MODULE = YES;
				DEVELOPMENT_TEAM = 2T6WKE788U;
				DYLIB_COMPATIBILITY_VERSION = 1;
				DYLIB_CURRENT_VERSION = 1;
				DYLIB_INSTALL_NAME_BASE = "@rpath";
				INFOPLIST_FILE = WatchFolder/Info.plist;
				INSTALL_PATH = "$(LOCAL_LIBRARY_DIR)/Frameworks";
				LD_RUNPATH_SEARCH_PATHS = (
					"$(inherited)",
					"@executable_path/Frameworks",
					"@loader_path/Frameworks",
				);
				PRODUCT_BUNDLE_IDENTIFIER = com.cezres.WatchFolder;
				PRODUCT_NAME = "$(TARGET_NAME:c99extidentifier)";
				SKIP_INSTALL = YES;
				SWIFT_OPTIMIZATION_LEVEL = "-Onone";
				SWIFT_VERSION = 4.2;
				TARGETED_DEVICE_FAMILY = "1,2";
			};
			name = Debug;
		};
		D510450F2244E7BF0014B6E6 /* Release */ = {
			isa = XCBuildConfiguration;
			buildSettings = {
				CLANG_ENABLE_MODULES = YES;
				CODE_SIGN_IDENTITY = "";
				CODE_SIGN_STYLE = Automatic;
				DEFINES_MODULE = YES;
				DEVELOPMENT_TEAM = 2T6WKE788U;
				DYLIB_COMPATIBILITY_VERSION = 1;
				DYLIB_CURRENT_VERSION = 1;
				DYLIB_INSTALL_NAME_BASE = "@rpath";
				INFOPLIST_FILE = WatchFolder/Info.plist;
				INSTALL_PATH = "$(LOCAL_LIBRARY_DIR)/Frameworks";
				LD_RUNPATH_SEARCH_PATHS = (
					"$(inherited)",
					"@executable_path/Frameworks",
					"@loader_path/Frameworks",
				);
				PRODUCT_BUNDLE_IDENTIFIER = com.cezres.WatchFolder;
				PRODUCT_NAME = "$(TARGET_NAME:c99extidentifier)";
				SKIP_INSTALL = YES;
				SWIFT_VERSION = 4.2;
				TARGETED_DEVICE_FAMILY = "1,2";
			};
			name = Release;
		};
		D51045112244E7BF0014B6E6 /* Debug */ = {
			isa = XCBuildConfiguration;
			buildSettings = {
				ALWAYS_EMBED_SWIFT_STANDARD_LIBRARIES = YES;
				CODE_SIGN_STYLE = Automatic;
				DEVELOPMENT_TEAM = 2T6WKE788U;
				INFOPLIST_FILE = WatchFolderTests/Info.plist;
				LD_RUNPATH_SEARCH_PATHS = (
					"$(inherited)",
					"@executable_path/Frameworks",
					"@loader_path/Frameworks",
				);
				PRODUCT_BUNDLE_IDENTIFIER = com.cezres.WatchFolderTests;
				PRODUCT_NAME = "$(TARGET_NAME)";
				SWIFT_VERSION = 4.2;
				TARGETED_DEVICE_FAMILY = "1,2";
			};
			name = Debug;
		};
		D51045122244E7BF0014B6E6 /* Release */ = {
			isa = XCBuildConfiguration;
			buildSettings = {
				ALWAYS_EMBED_SWIFT_STANDARD_LIBRARIES = YES;
				CODE_SIGN_STYLE = Automatic;
				DEVELOPMENT_TEAM = 2T6WKE788U;
				INFOPLIST_FILE = WatchFolderTests/Info.plist;
				LD_RUNPATH_SEARCH_PATHS = (
					"$(inherited)",
					"@executable_path/Frameworks",
					"@loader_path/Frameworks",
				);
				PRODUCT_BUNDLE_IDENTIFIER = com.cezres.WatchFolderTests;
				PRODUCT_NAME = "$(TARGET_NAME)";
				SWIFT_VERSION = 4.2;
				TARGETED_DEVICE_FAMILY = "1,2";
			};
			name = Release;
		};
/* End XCBuildConfiguration section */

/* Begin XCConfigurationList section */
		D51044F32244E7BE0014B6E6 /* Build configuration list for PBXProject "WatchFolder" */ = {
			isa = XCConfigurationList;
			buildConfigurations = (
				D510450B2244E7BF0014B6E6 /* Debug */,
				D510450C2244E7BF0014B6E6 /* Release */,
			);
			defaultConfigurationIsVisible = 0;
			defaultConfigurationName = Release;
		};
		D510450D2244E7BF0014B6E6 /* Build configuration list for PBXNativeTarget "WatchFolder" */ = {
			isa = XCConfigurationList;
			buildConfigurations = (
				D510450E2244E7BF0014B6E6 /* Debug */,
				D510450F2244E7BF0014B6E6 /* Release */,
			);
			defaultConfigurationIsVisible = 0;
			defaultConfigurationName = Release;
		};
		D51045102244E7BF0014B6E6 /* Build configuration list for PBXNativeTarget "WatchFolderTests" */ = {
			isa = XCConfigurationList;
			buildConfigurations = (
				D51045112244E7BF0014B6E6 /* Debug */,
				D51045122244E7BF0014B6E6 /* Release */,
			);
			defaultConfigurationIsVisible = 0;
			defaultConfigurationName = Release;
		};
/* End XCConfigurationList section */
	};
	rootObject = D51044F02244E7BE0014B6E6 /* Project object */;
}
